PODS:
  - AMap2DMap-NO-IDFA (4.6.0):
    - AMapFoundation-NO-IDFA (~> 1.3)
  - AMapFoundation-NO-IDFA (1.4.0)
  - AMapLocation-NO-IDFA (2.4.0):
    - AMapFoundation-NO-IDFA (~> 1.4)

DEPENDENCIES:
  - AMap2DMap-NO-IDFA (~> 4.6.0)
  - AMapLocation-NO-IDFA (~> 2.4.0)

SPEC CHECKSUMS:
  AMap2DMap-NO-IDFA: 01c80e7e93568617b1b1b452cfec71f974f5bc8a
  AMapFoundation-NO-IDFA: d1ba541a56737c2048115a745b1dfcbe9901c248
  AMapLocation-NO-IDFA: 9493012d3241a7d551942c7c1e1069b51f295083

PODFILE CHECKSUM: ddaab35c3047c09b3d81c642d0b7cee060abe18a

COCOAPODS: 1.2.1
